
Microsoft Visual Studio Solution File, Format Version 12.00
# Visual Studio Version 16
VisualStudioVersion = 16.0.30517.126
MinimumVisualStudioVersion = 10.0.40219.1
Project("{FAE04EC0-301F-11D3-BF4B-00C04F79EFBC}") = "DotNetCTFDumper", "DotNetCTFDumper\DotNetCTFDumper.csproj", "{86D99F9E-98FB-4E50-AB68-F5C115850C33}"
EndProject
Project("{FAE04EC0-301F-11D3-BF4B-00C04F79EFBC}") = "ExamplePlugin", "ExamplePlugin\ExamplePlugin.csproj", "{9A4499BF-534F-4397-AF0D-C663688A20E5}"
EndProject
Global
	GlobalSection(SolutionConfigurationPlatforms) = preSolution
		Debug|Any CPU = Debug|Any CPU
		Debug|x64 = Debug|x64
		Release|Any CPU = Release|Any CPU
		Release|x64 = Release|x64
	EndGlobalSection
	GlobalSection(ProjectConfigurationPlatforms) = postSolution
		{86D99F9E-98FB-4E50-AB68-F5C115850C33}.Debug|Any CPU.ActiveCfg = Debug|x64
		{86D99F9E-98FB-4E50-AB68-F5C115850C33}.Debug|Any CPU.Build.0 = Debug|x64
		{86D99F9E-98FB-4E50-AB68-F5C115850C33}.Debug|x64.ActiveCfg = Debug|x64
		{86D99F9E-98FB-4E50-AB68-F5C115850C33}.Debug|x64.Build.0 = Debug|x64
		{86D99F9E-98FB-4E50-AB68-F5C115850C33}.Release|Any CPU.ActiveCfg = Release|Any CPU
		{86D99F9E-98FB-4E50-AB68-F5C115850C33}.Release|Any CPU.Build.0 = Release|Any CPU
		{86D99F9E-98FB-4E50-AB68-F5C115850C33}.Release|x64.ActiveCfg = Release|x64
		{86D99F9E-98FB-4E50-AB68-F5C115850C33}.Release|x64.Build.0 = Release|x64
		{9A4499BF-534F-4397-AF0D-C663688A20E5}.Debug|Any CPU.ActiveCfg = Debug|Any CPU
		{9A4499BF-534F-4397-AF0D-C663688A20E5}.Debug|Any CPU.Build.0 = Debug|Any CPU
		{9A4499BF-534F-4397-AF0D-C663688A20E5}.Debug|x64.ActiveCfg = Debug|Any CPU
		{9A4499BF-534F-4397-AF0D-C663688A20E5}.Debug|x64.Build.0 = Debug|Any CPU
		{9A4499BF-534F-4397-AF0D-C663688A20E5}.Release|Any CPU.ActiveCfg = Release|Any CPU
		{9A4499BF-534F-4397-AF0D-C663688A20E5}.Release|Any CPU.Build.0 = Release|Any CPU
		{9A4499BF-534F-4397-AF0D-C663688A20E5}.Release|x64.ActiveCfg = Release|Any CPU
		{9A4499BF-534F-4397-AF0D-C663688A20E5}.Release|x64.Build.0 = Release|Any CPU
	EndGlobalSection
	GlobalSection(SolutionProperties) = preSolution
		HideSolutionNode = FALSE
	EndGlobalSection
	GlobalSection(ExtensibilityGlobals) = postSolution
		SolutionGuid = {3E9F5D62-DBC6-4734-88CF-23880CA92DF2}
	EndGlobalSection
EndGlobal
