
Microsoft Visual Studio Solution File, Format Version 12.00
# Visual Studio Version 16
VisualStudioVersion = 16.0.30517.126
MinimumVisualStudioVersion = 10.0.40219.1
Project("{8BC9CEB8-8B4A-11D0-8D11-00A0C91BC942}") = "Template", "Template.vcxproj", "{A3EC50DD-5779-442C-A1AB-76279519715E}"
EndProject
Global
	GlobalSection(SolutionConfigurationPlatforms) = preSolution
		Debug|x86 = Debug|x86
		Release_Small|x86 = Release_Small|x86
		Release|x86 = Release|x86
		Run_Only_Small|x86 = Run_Only_Small|x86
		Run_Only|x86 = Run_Only|x86
		Vitalize_Small|x86 = Vitalize_Small|x86
		Vitalize|x86 = Vitalize|x86
	EndGlobalSection
	GlobalSection(ProjectConfigurationPlatforms) = postSolution
		{A3EC50DD-5779-442C-A1AB-76279519715E}.Debug|x86.ActiveCfg = Debug|Win32
		{A3EC50DD-5779-442C-A1AB-76279519715E}.Debug|x86.Build.0 = Debug|Win32
		{A3EC50DD-5779-442C-A1AB-76279519715E}.Release_Small|x86.ActiveCfg = Release_Small|Win32
		{A3EC50DD-5779-442C-A1AB-76279519715E}.Release_Small|x86.Build.0 = Release_Small|Win32
		{A3EC50DD-5779-442C-A1AB-76279519715E}.Release|x86.ActiveCfg = Release|Win32
		{A3EC50DD-5779-442C-A1AB-76279519715E}.Release|x86.Build.0 = Release|Win32
		{A3EC50DD-5779-442C-A1AB-76279519715E}.Run_Only_Small|x86.ActiveCfg = Run_Only_Small|Win32
		{A3EC50DD-5779-442C-A1AB-76279519715E}.Run_Only_Small|x86.Build.0 = Run_Only_Small|Win32
		{A3EC50DD-5779-442C-A1AB-76279519715E}.Run_Only|x86.ActiveCfg = Run_Only|Win32
		{A3EC50DD-5779-442C-A1AB-76279519715E}.Run_Only|x86.Build.0 = Run_Only|Win32
		{A3EC50DD-5779-442C-A1AB-76279519715E}.Vitalize_Small|x86.ActiveCfg = Vitalize_Small|Win32
		{A3EC50DD-5779-442C-A1AB-76279519715E}.Vitalize_Small|x86.Build.0 = Vitalize_Small|Win32
		{A3EC50DD-5779-442C-A1AB-76279519715E}.Vitalize|x86.ActiveCfg = Vitalize|Win32
		{A3EC50DD-5779-442C-A1AB-76279519715E}.Vitalize|x86.Build.0 = Vitalize|Win32
	EndGlobalSection
	GlobalSection(SolutionProperties) = preSolution
		HideSolutionNode = FALSE
	EndGlobalSection
	GlobalSection(ExtensibilityGlobals) = postSolution
		SolutionGuid = {19E621AC-DD2C-4021-A0CB-A2CF28934492}
	EndGlobalSection
EndGlobal
